// !$*UTF8*$!
{
	archiveVersion = 1;
	classes = {
	};
	objectVersion = 56;
	objects = {

/* Begin PBXBuildFile section */
		D6B7C7A12C09330A00B70493 /* AppDelegate.swift in Sources */ = {isa = PBXBuildFile; fileRef = D6B7C7A02C09330A00B70493 /* AppDelegate.swift */; };
		D6B7C7A32C09330A00B70493 /* SceneDelegate.swift in Sources */ = {isa = PBXBuildFile; fileRef = D6B7C7A22C09330A00B70493 /* SceneDelegate.swift */; };
		D6B7C7A82C09330A00B70493 /* Main.storyboard in Resources */ = {isa = PBXBuildFile; fileRef = D6B7C7A62C09330A00B70493 /* Main.storyboard */; };
		D6B7C7AA2C09330B00B70493 /* Assets.xcassets in Resources */ = {isa = PBXBuildFile; fileRef = D6B7C7A92C09330B00B70493 /* Assets.xcassets */; };
		D6B7C7AD2C09330B00B70493 /* LaunchScreen.storyboard in Resources */ = {isa = PBXBuildFile; fileRef = D6B7C7AB2C09330B00B70493 /* LaunchScreen.storyboard */; };
		D6B7C7B62C09336F00B70493 /* TaskListViewController.swift in Sources */ = {isa = PBXBuildFile; fileRef = D6B7C7B52C09336F00B70493 /* TaskListViewController.swift */; };
		D6B7C7B82C09458D00B70493 /* AddTaskViewController.swift in Sources */ = {isa = PBXBuildFile; fileRef = D6B7C7B72C09458D00B70493 /* AddTaskViewController.swift */; };
		D6B7C7BB2C09467F00B70493 /* Task.swift in Sources */ = {isa = PBXBuildFile; fileRef = D6B7C7BA2C09467F00B70493 /* Task.swift */; };
		FA6BC8F889CA2B11DD7C0606 /* Pods_schedule_planner.framework in Frameworks */ = {isa = PBXBuildFile; fileRef = 4FAD09CEC7787D113306C9CB /* Pods_schedule_planner.framework */; };
/* End PBXBuildFile section */

/* Begin PBXFileReference section */
		040C146F9E8240E3271A0980 /* Pods-schedule planner.debug.xcconfig */ = {isa = PBXFileReference; includeInIndex = 1; lastKnownFileType = text.xcconfig; name = "Pods-schedule planner.debug.xcconfig"; path = "Target Support Files/Pods-schedule planner/Pods-schedule planner.debug.xcconfig"; sourceTree = "<group>"; };
		28FC666683AFC347D3107A2B /* Pods-schedule planner.release.xcconfig */ = {isa = PBXFileReference; includeInIndex = 1; lastKnownFileType = text.xcconfig; name = "Pods-schedule planner.release.xcconfig"; path = "Target Support Files/Pods-schedule planner/Pods-schedule planner.release.xcconfig"; sourceTree = "<group>"; };
		4FAD09CEC7787D113306C9CB /* Pods_schedule_planner.framework */ = {isa = PBXFileReference; explicitFileType = wrapper.framework; includeInIndex = 0; path = Pods_schedule_planner.framework; sourceTree = BUILT_PRODUCTS_DIR; };
		D6B7C79D2C09330A00B70493 /* schedule planner.app */ = {isa = PBXFileReference; explicitFileType = wrapper.application; includeInIndex = 0; path = "schedule planner.app"; sourceTree = BUILT_PRODUCTS_DIR; };
		D6B7C7A02C09330A00B70493 /* AppDelegate.swift */ = {isa = PBXFileReference; lastKnownFileType = sourcecode.swift; path = AppDelegate.swift; sourceTree = "<group>"; };
		D6B7C7A22C09330A00B70493 /* SceneDelegate.swift */ = {isa = PBXFileReference; lastKnownFileType = sourcecode.swift; path = SceneDelegate.swift; sourceTree = "<group>"; };
		D6B7C7A72C09330A00B70493 /* Base */ = {isa = PBXFileReference; lastKnownFileType = file.storyboard; name = Base; path = Base.lproj/Main.storyboard; sourceTree = "<group>"; };
		D6B7C7A92C09330B00B70493 /* Assets.xcassets */ = {isa = PBXFileReference; lastKnownFileType = folder.assetcatalog; path = Assets.xcassets; sourceTree = "<group>"; };
		D6B7C7AC2C09330B00B70493 /* Base */ = {isa = PBXFileReference; lastKnownFileType = file.storyboard; name = Base; path = Base.lproj/LaunchScreen.storyboard; sourceTree = "<group>"; };
		D6B7C7AE2C09330B00B70493 /* Info.plist */ = {isa = PBXFileReference; lastKnownFileType = text.plist.xml; path = Info.plist; sourceTree = "<group>"; };
		D6B7C7B52C09336F00B70493 /* TaskListViewController.swift */ = {isa = PBXFileReference; lastKnownFileType = sourcecode.swift; path = TaskListViewController.swift; sourceTree = "<group>"; };
		D6B7C7B72C09458D00B70493 /* AddTaskViewController.swift */ = {isa = PBXFileReference; lastKnownFileType = sourcecode.swift; path = AddTaskViewController.swift; sourceTree = "<group>"; };
		D6B7C7BA2C09467F00B70493 /* Task.swift */ = {isa = PBXFileReference; lastKnownFileType = sourcecode.swift; path = Task.swift; sourceTree = "<group>"; };
/* End PBXFileReference section */

/* Begin PBXFrameworksBuildPhase section */
		D6B7C79A2C09330A00B70493 /* Frameworks */ = {
			isa = PBXFrameworksBuildPhase;
			buildActionMask = 2147483647;
			files = (
				FA6BC8F889CA2B11DD7C0606 /* Pods_schedule_planner.framework in Frameworks */,
			);
			runOnlyForDeploymentPostprocessing = 0;
		};
/* End PBXFrameworksBuildPhase section */

/* Begin PBXGroup section */
		8CFA8825264507558BD9950D /* Pods */ = {
			isa = PBXGroup;
			children = (
				040C146F9E8240E3271A0980 /* Pods-schedule planner.debug.xcconfig */,
				28FC666683AFC347D3107A2B /* Pods-schedule planner.release.xcconfig */,
			);
			path = Pods;
			sourceTree = "<group>";
		};
		98D172EF56B60296E2DA0EAA /* Frameworks */ = {
			isa = PBXGroup;
			children = (
				4FAD09CEC7787D113306C9CB /* Pods_schedule_planner.framework */,
			);
			name = Frameworks;
			sourceTree = "<group>";
		};
		D6B7C7942C09330A00B70493 = {
			isa = PBXGroup;
			children = (
				D6B7C79F2C09330A00B70493 /* schedule planner */,
				D6B7C79E2C09330A00B70493 /* Products */,
				8CFA8825264507558BD9950D /* Pods */,
				98D172EF56B60296E2DA0EAA /* Frameworks */,
			);
			sourceTree = "<group>";
		};
		D6B7C79E2C09330A00B70493 /* Products */ = {
			isa = PBXGroup;
			children = (
				D6B7C79D2C09330A00B70493 /* schedule planner.app */,
			);
			name = Products;
			sourceTree = "<group>";
		};
		D6B7C79F2C09330A00B70493 /* schedule planner */ = {
			isa = PBXGroup;
			children = (
				D6B7C7B92C09467000B70493 /* Models */,
				D6B7C7B42C09335E00B70493 /* Controllers */,
				D6B7C7A02C09330A00B70493 /* AppDelegate.swift */,
				D6B7C7A22C09330A00B70493 /* SceneDelegate.swift */,
				D6B7C7A62C09330A00B70493 /* Main.storyboard */,
				D6B7C7A92C09330B00B70493 /* Assets.xcassets */,
				D6B7C7AB2C09330B00B70493 /* LaunchScreen.storyboard */,
				D6B7C7AE2C09330B00B70493 /* Info.plist */,
			);
			path = "schedule planner";
			sourceTree = "<group>";
		};
		D6B7C7B42C09335E00B70493 /* Controllers */ = {
			isa = PBXGroup;
			children = (
				D6B7C7B52C09336F00B70493 /* TaskListViewController.swift */,
				D6B7C7B72C09458D00B70493 /* AddTaskViewController.swift */,
			);
			path = Controllers;
			sourceTree = "<group>";
		};
		D6B7C7B92C09467000B70493 /* Models */ = {
			isa = PBXGroup;
			children = (
				D6B7C7BA2C09467F00B70493 /* Task.swift */,
			);
			path = Models;
			sourceTree = "<group>";
		};
/* End PBXGroup section */

/* Begin PBXNativeTarget section */
		D6B7C79C2C09330A00B70493 /* schedule planner */ = {
			isa = PBXNativeTarget;
			buildConfigurationList = D6B7C7B12C09330B00B70493 /* Build configuration list for PBXNativeTarget "schedule planner" */;
			buildPhases = (
				BF2623C53C6807325A77D8A1 /* [CP] Check Pods Manifest.lock */,
				D6B7C7992C09330A00B70493 /* Sources */,
				D6B7C79A2C09330A00B70493 /* Frameworks */,
				D6B7C79B2C09330A00B70493 /* Resources */,
				5423FD8B7E857E3FAE9E94CC /* [CP] Embed Pods Frameworks */,
			);
			buildRules = (
			);
			dependencies = (
			);
			name = "schedule planner";
			productName = "schedule planner";
			productReference = D6B7C79D2C09330A00B70493 /* schedule planner.app */;
			productType = "com.apple.product-type.application";
		};
/* End PBXNativeTarget section */

/* Begin PBXProject section */
		D6B7C7952C09330A00B70493 /* Project object */ = {
			isa = PBXProject;
			attributes = {
				BuildIndependentTargetsInParallel = 1;
				LastSwiftUpdateCheck = 1520;
				LastUpgradeCheck = 1520;
				TargetAttributes = {
					D6B7C79C2C09330A00B70493 = {
						CreatedOnToolsVersion = 15.2;
					};
				};
			};
			buildConfigurationList = D6B7C7982C09330A00B70493 /* Build configuration list for PBXProject "schedule planner" */;
			compatibilityVersion = "Xcode 14.0";
			developmentRegion = en;
			hasScannedForEncodings = 0;
			knownRegions = (
				en,
				Base,
			);
			mainGroup = D6B7C7942C09330A00B70493;
			productRefGroup = D6B7C79E2C09330A00B70493 /* Products */;
			projectDirPath = "";
			projectRoot = "";
			targets = (
				D6B7C79C2C09330A00B70493 /* schedule planner */,
			);
		};
/* End PBXProject section */

/* Begin PBXResourcesBuildPhase section */
		D6B7C79B2C09330A00B70493 /* Resources */ = {
			isa = PBXResourcesBuildPhase;
			buildActionMask = 2147483647;
			files = (
				D6B7C7AD2C09330B00B70493 /* LaunchScreen.storyboard in Resources */,
				D6B7C7AA2C09330B00B70493 /* Assets.xcassets in Resources */,
				D6B7C7A82C09330A00B70493 /* Main.storyboard in Resources */,
			);
			runOnlyForDeploymentPostprocessing = 0;
		};
/* End PBXResourcesBuildPhase section */

/* Begin PBXShellScriptBuildPhase section */
		5423FD8B7E857E3FAE9E94CC /* [CP] Embed Pods Frameworks */ = {
			isa = PBXShellScriptBuildPhase;
			buildActionMask = 2147483647;
			files = (
			);
			inputFileListPaths = (
				"${PODS_ROOT}/Target Support Files/Pods-schedule planner/Pods-schedule planner-frameworks-${CONFIGURATION}-input-files.xcfilelist",
			);
			name = "[CP] Embed Pods Frameworks";
			outputFileListPaths = (
				"${PODS_ROOT}/Target Support Files/Pods-schedule planner/Pods-schedule planner-frameworks-${CONFIGURATION}-output-files.xcfilelist",
			);
			runOnlyForDeploymentPostprocessing = 0;
			shellPath = /bin/sh;
			shellScript = "\"${PODS_ROOT}/Target Support Files/Pods-schedule planner/Pods-schedule planner-frameworks.sh\"\n";
			showEnvVarsInLog = 0;
		};
		BF2623C53C6807325A77D8A1 /* [CP] Check Pods Manifest.lock */ = {
			isa = PBXShellScriptBuildPhase;
			buildActionMask = 2147483647;
			files = (
			);
			inputFileListPaths = (
			);
			inputPaths = (
				"${PODS_PODFILE_DIR_PATH}/Podfile.lock",
				"${PODS_ROOT}/Manifest.lock",
			);
			name = "[CP] Check Pods Manifest.lock";
			outputFileListPaths = (
			);
			outputPaths = (
				"$(DERIVED_FILE_DIR)/Pods-schedule planner-checkManifestLockResult.txt",
			);
			runOnlyForDeploymentPostprocessing = 0;
			shellPath = /bin/sh;
			shellScript = "diff \"${PODS_PODFILE_DIR_PATH}/Podfile.lock\" \"${PODS_ROOT}/Manifest.lock\" > /dev/null\nif [ $? != 0 ] ; then\n    # print error to STDERR\n    echo \"error: The sandbox is not in sync with the Podfile.lock. Run 'pod install' or update your CocoaPods installation.\" >&2\n    exit 1\nfi\n# This output is used by Xcode 'outputs' to avoid re-running this script phase.\necho \"SUCCESS\" > \"${SCRIPT_OUTPUT_FILE_0}\"\n";
			showEnvVarsInLog = 0;
		};
/* End PBXShellScriptBuildPhase section */

/* Begin PBXSourcesBuildPhase section */
		D6B7C7992C09330A00B70493 /* Sources */ = {
			isa = PBXSourcesBuildPhase;
			buildActionMask = 2147483647;
			files = (
				D6B7C7A12C09330A00B70493 /* AppDelegate.swift in Sources */,
				D6B7C7B82C09458D00B70493 /* AddTaskViewController.swift in Sources */,
				D6B7C7BB2C09467F00B70493 /* Task.swift in Sources */,
				D6B7C7A32C09330A00B70493 /* SceneDelegate.swift in Sources */,
				D6B7C7B62C09336F00B70493 /* TaskListViewController.swift in Sources */,
			);
			runOnlyForDeploymentPostprocessing = 0;
		};
/* End PBXSourcesBuildPhase section */

/* Begin PBXVariantGroup section */
		D6B7C7A62C09330A00B70493 /* Main.storyboard */ = {
			isa = PBXVariantGroup;
			children = (
				D6B7C7A72C09330A00B70493 /* Base */,
			);
			name = Main.storyboard;
			sourceTree = "<group>";
		};
		D6B7C7AB2C09330B00B70493 /* LaunchScreen.storyboard */ = {
			isa = PBXVariantGroup;
			children = (
				D6B7C7AC2C09330B00B70493 /* Base */,
			);
			name = LaunchScreen.storyboard;
			sourceTree = "<group>";
		};
/* End PBXVariantGroup section */

/* Begin XCBuildConfiguration section */
		D6B7C7AF2C09330B00B70493 /* Debug */ = {
			isa = XCBuildConfiguration;
			buildSettings = {
				ALWAYS_SEARCH_USER_PATHS = NO;
				ASSETCATALOG_COMPILER_GENERATE_SWIFT_ASSET_SYMBOL_EXTENSIONS = YES;
				CLANG_ANALYZER_NONNULL = YES;
				CLANG_ANALYZER_NUMBER_OBJECT_CONVERSION = YES_AGGRESSIVE;
				CLANG_CXX_LANGUAGE_STANDARD = "gnu++20";
				CLANG_ENABLE_MODULES = YES;
				CLANG_ENABLE_OBJC_ARC = YES;
				CLANG_ENABLE_OBJC_WEAK = YES;
				CLANG_WARN_BLOCK_CAPTURE_AUTORELEASING = YES;
				CLANG_WARN_BOOL_CONVERSION = YES;
				CLANG_WARN_COMMA = YES;
				CLANG_WARN_CONSTANT_CONVERSION = YES;
				CLANG_WARN_DEPRECATED_OBJC_IMPLEMENTATIONS = YES;
				CLANG_WARN_DIRECT_OBJC_ISA_USAGE = YES_ERROR;
				CLANG_WARN_DOCUMENTATION_COMMENTS = YES;
				CLANG_WARN_EMPTY_BODY = YES;
				CLANG_WARN_ENUM_CONVERSION = YES;
				CLANG_WARN_INFINITE_RECURSION = YES;
				CLANG_WARN_INT_CONVERSION = YES;
				CLANG_WARN_NON_LITERAL_NULL_CONVERSION = YES;
				CLANG_WARN_OBJC_IMPLICIT_RETAIN_SELF = YES;
				CLANG_WARN_OBJC_LITERAL_CONVERSION = YES;
				CLANG_WARN_OBJC_ROOT_CLASS = YES_ERROR;
				CLANG_WARN_QUOTED_INCLUDE_IN_FRAMEWORK_HEADER = YES;
				CLANG_WARN_RANGE_LOOP_ANALYSIS = YES;
				CLANG_WARN_STRICT_PROTOTYPES = YES;
				CLANG_WARN_SUSPICIOUS_MOVE = YES;
				CLANG_WARN_UNGUARDED_AVAILABILITY = YES_AGGRESSIVE;
				CLANG_WARN_UNREACHABLE_CODE = YES;
				CLANG_WARN__DUPLICATE_METHOD_MATCH = YES;
				COPY_PHASE_STRIP = NO;
				DEBUG_INFORMATION_FORMAT = dwarf;
				ENABLE_STRICT_OBJC_MSGSEND = YES;
				ENABLE_TESTABILITY = YES;
				ENABLE_USER_SCRIPT_SANDBOXING = NO;
				GCC_C_LANGUAGE_STANDARD = gnu17;
				GCC_DYNAMIC_NO_PIC = NO;
				GCC_NO_COMMON_BLOCKS = YES;
				GCC_OPTIMIZATION_LEVEL = 0;
				GCC_PREPROCESSOR_DEFINITIONS = (
					"DEBUG=1",
					"$(inherited)",
				);
				GCC_WARN_64_TO_32_BIT_CONVERSION = YES;
				GCC_WARN_ABOUT_RETURN_TYPE = YES_ERROR;
				GCC_WARN_UNDECLARED_SELECTOR = YES;
				GCC_WARN_UNINITIALIZED_AUTOS = YES_AGGRESSIVE;
				GCC_WARN_UNUSED_FUNCTION = YES;
				GCC_WARN_UNUSED_VARIABLE = YES;
				IPHONEOS_DEPLOYMENT_TARGET = 17.2;
				LOCALIZATION_PREFERS_STRING_CATALOGS = YES;
				MTL_ENABLE_DEBUG_INFO = INCLUDE_SOURCE;
				MTL_FAST_MATH = YES;
				ONLY_ACTIVE_ARCH = YES;
				SDKROOT = iphoneos;
				SWIFT_ACTIVE_COMPILATION_CONDITIONS = "DEBUG $(inherited)";
				SWIFT_OPTIMIZATION_LEVEL = "-Onone";
			};
			name = Debug;
		};
		D6B7C7B02C09330B00B70493 /* Release */ = {
			isa = XCBuildConfiguration;
			buildSettings = {
				ALWAYS_SEARCH_USER_PATHS = NO;
				ASSETCATALOG_COMPILER_GENERATE_SWIFT_ASSET_SYMBOL_EXTENSIONS = YES;
				CLANG_ANALYZER_NONNULL = YES;
				CLANG_ANALYZER_NUMBER_OBJECT_CONVERSION = YES_AGGRESSIVE;
				CLANG_CXX_LANGUAGE_STANDARD = "gnu++20";
				CLANG_ENABLE_MODULES = YES;
				CLANG_ENABLE_OBJC_ARC = YES;
				CLANG_ENABLE_OBJC_WEAK = YES;
				CLANG_WARN_BLOCK_CAPTURE_AUTORELEASING = YES;
				CLANG_WARN_BOOL_CONVERSION = YES;
				CLANG_WARN_COMMA = YES;
				CLANG_WARN_CONSTANT_CONVERSION = YES;
				CLANG_WARN_DEPRECATED_OBJC_IMPLEMENTATIONS = YES;
				CLANG_WARN_DIRECT_OBJC_ISA_USAGE = YES_ERROR;
				CLANG_WARN_DOCUMENTATION_COMMENTS = YES;
				CLANG_WARN_EMPTY_BODY = YES;
				CLANG_WARN_ENUM_CONVERSION = YES;
				CLANG_WARN_INFINITE_RECURSION = YES;
				CLANG_WARN_INT_CONVERSION = YES;
				CLANG_WARN_NON_LITERAL_NULL_CONVERSION = YES;
				CLANG_WARN_OBJC_IMPLICIT_RETAIN_SELF = YES;
				CLANG_WARN_OBJC_LITERAL_CONVERSION = YES;
				CLANG_WARN_OBJC_ROOT_CLASS = YES_ERROR;
				CLANG_WARN_QUOTED_INCLUDE_IN_FRAMEWORK_HEADER = YES;
				CLANG_WARN_RANGE_LOOP_ANALYSIS = YES;
				CLANG_WARN_STRICT_PROTOTYPES = YES;
				CLANG_WARN_SUSPICIOUS_MOVE = YES;
				CLANG_WARN_UNGUARDED_AVAILABILITY = YES_AGGRESSIVE;
				CLANG_WARN_UNREACHABLE_CODE = YES;
				CLANG_WARN__DUPLICATE_METHOD_MATCH = YES;
				COPY_PHASE_STRIP = NO;
				DEBUG_INFORMATION_FORMAT = "dwarf-with-dsym";
				ENABLE_NS_ASSERTIONS = NO;
				ENABLE_STRICT_OBJC_MSGSEND = YES;
				ENABLE_USER_SCRIPT_SANDBOXING = NO;
				GCC_C_LANGUAGE_STANDARD = gnu17;
				GCC_NO_COMMON_BLOCKS = YES;
				GCC_WARN_64_TO_32_BIT_CONVERSION = YES;
				GCC_WARN_ABOUT_RETURN_TYPE = YES_ERROR;
				GCC_WARN_UNDECLARED_SELECTOR = YES;
				GCC_WARN_UNINITIALIZED_AUTOS = YES_AGGRESSIVE;
				GCC_WARN_UNUSED_FUNCTION = YES;
				GCC_WARN_UNUSED_VARIABLE = YES;
				IPHONEOS_DEPLOYMENT_TARGET = 17.2;
				LOCALIZATION_PREFERS_STRING_CATALOGS = YES;
				MTL_ENABLE_DEBUG_INFO = NO;
				MTL_FAST_MATH = YES;
				SDKROOT = iphoneos;
				SWIFT_COMPILATION_MODE = wholemodule;
				VALIDATE_PRODUCT = YES;
			};
			name = Release;
		};
		D6B7C7B22C09330B00B70493 /* Debug */ = {
			isa = XCBuildConfiguration;
			baseConfigurationReference = 040C146F9E8240E3271A0980 /* Pods-schedule planner.debug.xcconfig */;
			buildSettings = {
				ASSETCATALOG_COMPILER_APPICON_NAME = AppIcon;
				ASSETCATALOG_COMPILER_GLOBAL_ACCENT_COLOR_NAME = AccentColor;
				CODE_SIGN_STYLE = Automatic;
				CURRENT_PROJECT_VERSION = 1;
				GENERATE_INFOPLIST_FILE = YES;
				INFOPLIST_FILE = "schedule planner/Info.plist";
				INFOPLIST_KEY_UIApplicationSupportsIndirectInputEvents = YES;
				INFOPLIST_KEY_UILaunchStoryboardName = LaunchScreen;
				INFOPLIST_KEY_UIMainStoryboardFile = Main;
				INFOPLIST_KEY_UISupportedInterfaceOrientations_iPad = "UIInterfaceOrientationPortrait UIInterfaceOrientationPortraitUpsideDown UIInterfaceOrientationLandscapeLeft UIInterfaceOrientationLandscapeRight";
				INFOPLIST_KEY_UISupportedInterfaceOrientations_iPhone = "UIInterfaceOrientationPortrait UIInterfaceOrientationLandscapeLeft UIInterfaceOrientationLandscapeRight";
				LD_RUNPATH_SEARCH_PATHS = (
					"$(inherited)",
					"@executable_path/Frameworks",
				);
				MARKETING_VERSION = 1.0;
				PRODUCT_BUNDLE_IDENTIFIER = "katy.lau.schedule-planner";
				PRODUCT_NAME = "$(TARGET_NAME)";
				SWIFT_EMIT_LOC_STRINGS = YES;
				SWIFT_VERSION = 5.0;
				TARGETED_DEVICE_FAMILY = "1,2";
			};
			name = Debug;
		};
		D6B7C7B32C09330B00B70493 /* Release */ = {
			isa = XCBuildConfiguration;
			baseConfigurationReference = 28FC666683AFC347D3107A2B /* Pods-schedule planner.release.xcconfig */;
			buildSettings = {
				ASSETCATALOG_COMPILER_APPICON_NAME = AppIcon;
				ASSETCATALOG_COMPILER_GLOBAL_ACCENT_COLOR_NAME = AccentColor;
				CODE_SIGN_STYLE = Automatic;
				CURRENT_PROJECT_VERSION = 1;
				GENERATE_INFOPLIST_FILE = YES;
				INFOPLIST_FILE = "schedule planner/Info.plist";
				INFOPLIST_KEY_UIApplicationSupportsIndirectInputEvents = YES;
				INFOPLIST_KEY_UILaunchStoryboardName = LaunchScreen;
				INFOPLIST_KEY_UIMainStoryboardFile = Main;
				INFOPLIST_KEY_UISupportedInterfaceOrientations_iPad = "UIInterfaceOrientationPortrait UIInterfaceOrientationPortraitUpsideDown UIInterfaceOrientationLandscapeLeft UIInterfaceOrientationLandscapeRight";
				INFOPLIST_KEY_UISupportedInterfaceOrientations_iPhone = "UIInterfaceOrientationPortrait UIInterfaceOrientationLandscapeLeft UIInterfaceOrientationLandscapeRight";
				LD_RUNPATH_SEARCH_PATHS = (
					"$(inherited)",
					"@executable_path/Frameworks",
				);
				MARKETING_VERSION = 1.0;
				PRODUCT_BUNDLE_IDENTIFIER = "katy.lau.schedule-planner";
				PRODUCT_NAME = "$(TARGET_NAME)";
				SWIFT_EMIT_LOC_STRINGS = YES;
				SWIFT_VERSION = 5.0;
				TARGETED_DEVICE_FAMILY = "1,2";
			};
			name = Release;
		};
/* End XCBuildConfiguration section */

/* Begin XCConfigurationList section */
		D6B7C7982C09330A00B70493 /* Build configuration list for PBXProject "schedule planner" */ = {
			isa = XCConfigurationList;
			buildConfigurations = (
				D6B7C7AF2C09330B00B70493 /* Debug */,
				D6B7C7B02C09330B00B70493 /* Release */,
			);
			defaultConfigurationIsVisible = 0;
			defaultConfigurationName = Release;
		};
		D6B7C7B12C09330B00B70493 /* Build configuration list for PBXNativeTarget "schedule planner" */ = {
			isa = XCConfigurationList;
			buildConfigurations = (
				D6B7C7B22C09330B00B70493 /* Debug */,
				D6B7C7B32C09330B00B70493 /* Release */,
			);
			defaultConfigurationIsVisible = 0;
			defaultConfigurationName = Release;
		};
/* End XCConfigurationList section */
	};
	rootObject = D6B7C7952C09330A00B70493 /* Project object */;
}
